
Microsoft Visual Studio Solution File, Format Version 12.00
# Visual Studio 2013
VisualStudioVersion = 12.0.31101.0
MinimumVisualStudioVersion = 10.0.40219.1
Project("{FAE04EC0-301F-11D3-BF4B-00C04F79EFBC}") = "Prilozhenie.ODataBackend", "ODataBackend/Prilozhenie.ODataBackend.csproj", "{04221405-1A01-438F-B27C-A3170E48A28A}"
EndProject
Project("{FAE04EC0-301F-11D3-BF4B-00C04F79EFBC}") = "Prilozhenie.Objects", "Objects/Prilozhenie.Objects.csproj", "{4E06AB03-DCC7-4589-958D-8C21F8B275C0}"
EndProject
Global
	GlobalSection(SolutionConfigurationPlatforms) = preSolution
Debug|Any CPU = Debug|Any CPU
Release|Any CPU = Release|Any CPU
	EndGlobalSection
	GlobalSection(ProjectConfigurationPlatforms) = postSolution
		{04221405-1A01-438F-B27C-A3170E48A28A}.Debug|Any CPU.ActiveCfg = Debug|Any CPU
		{04221405-1A01-438F-B27C-A3170E48A28A}.Debug|Any CPU.Build.0 = Debug|Any CPU
		{04221405-1A01-438F-B27C-A3170E48A28A}.Release|Any CPU.ActiveCfg = Release|Any CPU
		{04221405-1A01-438F-B27C-A3170E48A28A}.Release|Any CPU.Build.0 = Release|Any CPU
		{4E06AB03-DCC7-4589-958D-8C21F8B275C0}.Debug|Any CPU.ActiveCfg = Debug|Any CPU
		{4E06AB03-DCC7-4589-958D-8C21F8B275C0}.Debug|Any CPU.Build.0 = Debug|Any CPU
		{4E06AB03-DCC7-4589-958D-8C21F8B275C0}.Release|Any CPU.ActiveCfg = Release|Any CPU
		{4E06AB03-DCC7-4589-958D-8C21F8B275C0}.Release|Any CPU.Build.0 = Release|Any CPU
	EndGlobalSection
	GlobalSection(SolutionProperties) = preSolution
		HideSolutionNode = FALSE
	EndGlobalSection
EndGlobal
